
Microsoft Visual Studio Solution File, Format Version 12.00
# Visual Studio 15
VisualStudioVersion = 15.0.27703.2047
MinimumVisualStudioVersion = 10.0.40219.1
Project("{2150E333-8FDC-42A3-9474-1A3956D46DE8}") = "Multithreading", "Multithreading", "{16C6F956-1B95-4918-9CF2-D2D7529D8884}"
EndProject
Project("{FAE04EC0-301F-11D3-BF4B-00C04F79EFBC}") = "SynchronizationContext.Common", "SynchronizationContext.Common\SynchronizationContext.Common.csproj", "{2A1DE270-7AA2-492B-BBBB-A73101259417}"
EndProject
Project("{FAE04EC0-301F-11D3-BF4B-00C04F79EFBC}") = "SynchronizationContext.WinForms", "SynchronizationContext.WinForms\SynchronizationContext.WinForms.csproj", "{AC934060-DFA6-470D-ACE7-2C883A1B6C3C}"
EndProject
Project("{FAE04EC0-301F-11D3-BF4B-00C04F79EFBC}") = "SynchronizationContext.Wpf", "SynchronizationContext.Wpf\SynchronizationContext.Wpf.csproj", "{7590FF51-FB27-46E2-A7B6-D6C700306547}"
EndProject
Project("{FAE04EC0-301F-11D3-BF4B-00C04F79EFBC}") = "ThreadPool.ConsoleApplication", "ThreadPool.ConsoleApplication\ThreadPool.ConsoleApplication.csproj", "{5FBB7AEB-3281-404A-A4D9-1F487DCEC79A}"
EndProject
Project("{FAE04EC0-301F-11D3-BF4B-00C04F79EFBC}") = "BackgroundWorker.WinForms", "BackgroundWorker.WinForms\BackgroundWorker.WinForms.csproj", "{D5026CE7-5C3C-4B45-909B-D3E9BCA46D40}"
EndProject
Project("{2150E333-8FDC-42A3-9474-1A3956D46DE8}") = "Multitasking", "Multitasking", "{9C30228B-B794-4341-A192-9DC4C044B048}"
EndProject
Project("{FAE04EC0-301F-11D3-BF4B-00C04F79EFBC}") = "TaskFactory.Common", "TaskFactory.Common\TaskFactory.Common.csproj", "{4B6834DC-B5DE-4D4F-AE9A-E0A9445D0925}"
EndProject
Project("{FAE04EC0-301F-11D3-BF4B-00C04F79EFBC}") = "TaskFactory.WinForms", "TaskFactory.WinForms\TaskFactory.WinForms.csproj", "{392EB370-47E9-470F-BED5-C8A38CC2434E}"
EndProject
Project("{FAE04EC0-301F-11D3-BF4B-00C04F79EFBC}") = "TaskScheduler.WinForms", "TaskScheduler.WinForms\TaskScheduler.WinForms.csproj", "{FC86A565-8572-4F8C-B013-BEEDF610B3F8}"
EndProject
Global
	GlobalSection(SolutionConfigurationPlatforms) = preSolution
		Debug|Any CPU = Debug|Any CPU
		Release|Any CPU = Release|Any CPU
	EndGlobalSection
	GlobalSection(ProjectConfigurationPlatforms) = postSolution
		{2A1DE270-7AA2-492B-BBBB-A73101259417}.Debug|Any CPU.ActiveCfg = Debug|Any CPU
		{2A1DE270-7AA2-492B-BBBB-A73101259417}.Debug|Any CPU.Build.0 = Debug|Any CPU
		{2A1DE270-7AA2-492B-BBBB-A73101259417}.Release|Any CPU.ActiveCfg = Release|Any CPU
		{2A1DE270-7AA2-492B-BBBB-A73101259417}.Release|Any CPU.Build.0 = Release|Any CPU
		{AC934060-DFA6-470D-ACE7-2C883A1B6C3C}.Debug|Any CPU.ActiveCfg = Debug|Any CPU
		{AC934060-DFA6-470D-ACE7-2C883A1B6C3C}.Debug|Any CPU.Build.0 = Debug|Any CPU
		{AC934060-DFA6-470D-ACE7-2C883A1B6C3C}.Release|Any CPU.ActiveCfg = Release|Any CPU
		{AC934060-DFA6-470D-ACE7-2C883A1B6C3C}.Release|Any CPU.Build.0 = Release|Any CPU
		{7590FF51-FB27-46E2-A7B6-D6C700306547}.Debug|Any CPU.ActiveCfg = Debug|Any CPU
		{7590FF51-FB27-46E2-A7B6-D6C700306547}.Debug|Any CPU.Build.0 = Debug|Any CPU
		{7590FF51-FB27-46E2-A7B6-D6C700306547}.Release|Any CPU.ActiveCfg = Release|Any CPU
		{7590FF51-FB27-46E2-A7B6-D6C700306547}.Release|Any CPU.Build.0 = Release|Any CPU
		{5FBB7AEB-3281-404A-A4D9-1F487DCEC79A}.Debug|Any CPU.ActiveCfg = Debug|Any CPU
		{5FBB7AEB-3281-404A-A4D9-1F487DCEC79A}.Debug|Any CPU.Build.0 = Debug|Any CPU
		{5FBB7AEB-3281-404A-A4D9-1F487DCEC79A}.Release|Any CPU.ActiveCfg = Release|Any CPU
		{5FBB7AEB-3281-404A-A4D9-1F487DCEC79A}.Release|Any CPU.Build.0 = Release|Any CPU
		{D5026CE7-5C3C-4B45-909B-D3E9BCA46D40}.Debug|Any CPU.ActiveCfg = Debug|Any CPU
		{D5026CE7-5C3C-4B45-909B-D3E9BCA46D40}.Debug|Any CPU.Build.0 = Debug|Any CPU
		{D5026CE7-5C3C-4B45-909B-D3E9BCA46D40}.Release|Any CPU.ActiveCfg = Release|Any CPU
		{D5026CE7-5C3C-4B45-909B-D3E9BCA46D40}.Release|Any CPU.Build.0 = Release|Any CPU
		{4B6834DC-B5DE-4D4F-AE9A-E0A9445D0925}.Debug|Any CPU.ActiveCfg = Debug|Any CPU
		{4B6834DC-B5DE-4D4F-AE9A-E0A9445D0925}.Debug|Any CPU.Build.0 = Debug|Any CPU
		{4B6834DC-B5DE-4D4F-AE9A-E0A9445D0925}.Release|Any CPU.ActiveCfg = Release|Any CPU
		{4B6834DC-B5DE-4D4F-AE9A-E0A9445D0925}.Release|Any CPU.Build.0 = Release|Any CPU
		{392EB370-47E9-470F-BED5-C8A38CC2434E}.Debug|Any CPU.ActiveCfg = Debug|Any CPU
		{392EB370-47E9-470F-BED5-C8A38CC2434E}.Debug|Any CPU.Build.0 = Debug|Any CPU
		{392EB370-47E9-470F-BED5-C8A38CC2434E}.Release|Any CPU.ActiveCfg = Release|Any CPU
		{392EB370-47E9-470F-BED5-C8A38CC2434E}.Release|Any CPU.Build.0 = Release|Any CPU
		{FC86A565-8572-4F8C-B013-BEEDF610B3F8}.Debug|Any CPU.ActiveCfg = Debug|Any CPU
		{FC86A565-8572-4F8C-B013-BEEDF610B3F8}.Debug|Any CPU.Build.0 = Debug|Any CPU
		{FC86A565-8572-4F8C-B013-BEEDF610B3F8}.Release|Any CPU.ActiveCfg = Release|Any CPU
		{FC86A565-8572-4F8C-B013-BEEDF610B3F8}.Release|Any CPU.Build.0 = Release|Any CPU
	EndGlobalSection
	GlobalSection(SolutionProperties) = preSolution
		HideSolutionNode = FALSE
	EndGlobalSection
	GlobalSection(NestedProjects) = preSolution
		{2A1DE270-7AA2-492B-BBBB-A73101259417} = {16C6F956-1B95-4918-9CF2-D2D7529D8884}
		{AC934060-DFA6-470D-ACE7-2C883A1B6C3C} = {16C6F956-1B95-4918-9CF2-D2D7529D8884}
		{7590FF51-FB27-46E2-A7B6-D6C700306547} = {16C6F956-1B95-4918-9CF2-D2D7529D8884}
		{5FBB7AEB-3281-404A-A4D9-1F487DCEC79A} = {16C6F956-1B95-4918-9CF2-D2D7529D8884}
		{D5026CE7-5C3C-4B45-909B-D3E9BCA46D40} = {16C6F956-1B95-4918-9CF2-D2D7529D8884}
		{4B6834DC-B5DE-4D4F-AE9A-E0A9445D0925} = {9C30228B-B794-4341-A192-9DC4C044B048}
		{392EB370-47E9-470F-BED5-C8A38CC2434E} = {9C30228B-B794-4341-A192-9DC4C044B048}
		{FC86A565-8572-4F8C-B013-BEEDF610B3F8} = {9C30228B-B794-4341-A192-9DC4C044B048}
	EndGlobalSection
	GlobalSection(ExtensibilityGlobals) = postSolution
		SolutionGuid = {0E57F2B7-16D4-4E61-BF4C-A4A8CC6B2E5C}
	EndGlobalSection
EndGlobal
